
Microsoft Visual Studio Solution File, Format Version 12.00
# Visual Studio Version 16
VisualStudioVersion = 16.0.30114.105
MinimumVisualStudioVersion = 10.0.40219.1
Project("{FAE04EC0-301F-11D3-BF4B-00C04F79EFBC}") = "DIImproveIntegrationTests", "DIImproveIntegrationTests\DIImproveIntegrationTests.csproj", "{3B64248C-C41A-42AE-BBB6-B52E2A746D2A}"
EndProject
Project("{FAE04EC0-301F-11D3-BF4B-00C04F79EFBC}") = "AutoAdmin.DIImprove", "AutoAdmin.DIImprove\AutoAdmin.DIImprove.csproj", "{A5D9D9FB-08A4-4651-8A5A-5153C38EF122}"
EndProject
Project("{FAE04EC0-301F-11D3-BF4B-00C04F79EFBC}") = "AutoAdmin.DIImprove.WebAppConsumer", "AutoAdmin.DIImprove.WebAppConsumer\AutoAdmin.DIImprove.WebAppConsumer.csproj", "{504851E1-9A5F-4FE9-A8EA-399AF7B3A861}"
EndProject
Global
	GlobalSection(SolutionConfigurationPlatforms) = preSolution
		Debug|Any CPU = Debug|Any CPU
		Debug|x64 = Debug|x64
		Debug|x86 = Debug|x86
		Release|Any CPU = Release|Any CPU
		Release|x64 = Release|x64
		Release|x86 = Release|x86
	EndGlobalSection
	GlobalSection(SolutionProperties) = preSolution
		HideSolutionNode = FALSE
	EndGlobalSection
	GlobalSection(ProjectConfigurationPlatforms) = postSolution
		{3B64248C-C41A-42AE-BBB6-B52E2A746D2A}.Debug|Any CPU.ActiveCfg = Debug|Any CPU
		{3B64248C-C41A-42AE-BBB6-B52E2A746D2A}.Debug|Any CPU.Build.0 = Debug|Any CPU
		{3B64248C-C41A-42AE-BBB6-B52E2A746D2A}.Debug|x64.ActiveCfg = Debug|Any CPU
		{3B64248C-C41A-42AE-BBB6-B52E2A746D2A}.Debug|x64.Build.0 = Debug|Any CPU
		{3B64248C-C41A-42AE-BBB6-B52E2A746D2A}.Debug|x86.ActiveCfg = Debug|Any CPU
		{3B64248C-C41A-42AE-BBB6-B52E2A746D2A}.Debug|x86.Build.0 = Debug|Any CPU
		{3B64248C-C41A-42AE-BBB6-B52E2A746D2A}.Release|Any CPU.ActiveCfg = Release|Any CPU
		{3B64248C-C41A-42AE-BBB6-B52E2A746D2A}.Release|Any CPU.Build.0 = Release|Any CPU
		{3B64248C-C41A-42AE-BBB6-B52E2A746D2A}.Release|x64.ActiveCfg = Release|Any CPU
		{3B64248C-C41A-42AE-BBB6-B52E2A746D2A}.Release|x64.Build.0 = Release|Any CPU
		{3B64248C-C41A-42AE-BBB6-B52E2A746D2A}.Release|x86.ActiveCfg = Release|Any CPU
		{3B64248C-C41A-42AE-BBB6-B52E2A746D2A}.Release|x86.Build.0 = Release|Any CPU
		{A5D9D9FB-08A4-4651-8A5A-5153C38EF122}.Debug|Any CPU.ActiveCfg = Debug|Any CPU
		{A5D9D9FB-08A4-4651-8A5A-5153C38EF122}.Debug|Any CPU.Build.0 = Debug|Any CPU
		{A5D9D9FB-08A4-4651-8A5A-5153C38EF122}.Debug|x64.ActiveCfg = Debug|Any CPU
		{A5D9D9FB-08A4-4651-8A5A-5153C38EF122}.Debug|x64.Build.0 = Debug|Any CPU
		{A5D9D9FB-08A4-4651-8A5A-5153C38EF122}.Debug|x86.ActiveCfg = Debug|Any CPU
		{A5D9D9FB-08A4-4651-8A5A-5153C38EF122}.Debug|x86.Build.0 = Debug|Any CPU
		{A5D9D9FB-08A4-4651-8A5A-5153C38EF122}.Release|Any CPU.ActiveCfg = Release|Any CPU
		{A5D9D9FB-08A4-4651-8A5A-5153C38EF122}.Release|Any CPU.Build.0 = Release|Any CPU
		{A5D9D9FB-08A4-4651-8A5A-5153C38EF122}.Release|x64.ActiveCfg = Release|Any CPU
		{A5D9D9FB-08A4-4651-8A5A-5153C38EF122}.Release|x64.Build.0 = Release|Any CPU
		{A5D9D9FB-08A4-4651-8A5A-5153C38EF122}.Release|x86.ActiveCfg = Release|Any CPU
		{A5D9D9FB-08A4-4651-8A5A-5153C38EF122}.Release|x86.Build.0 = Release|Any CPU
		{504851E1-9A5F-4FE9-A8EA-399AF7B3A861}.Debug|Any CPU.ActiveCfg = Debug|Any CPU
		{504851E1-9A5F-4FE9-A8EA-399AF7B3A861}.Debug|Any CPU.Build.0 = Debug|Any CPU
		{504851E1-9A5F-4FE9-A8EA-399AF7B3A861}.Debug|x64.ActiveCfg = Debug|Any CPU
		{504851E1-9A5F-4FE9-A8EA-399AF7B3A861}.Debug|x64.Build.0 = Debug|Any CPU
		{504851E1-9A5F-4FE9-A8EA-399AF7B3A861}.Debug|x86.ActiveCfg = Debug|Any CPU
		{504851E1-9A5F-4FE9-A8EA-399AF7B3A861}.Debug|x86.Build.0 = Debug|Any CPU
		{504851E1-9A5F-4FE9-A8EA-399AF7B3A861}.Release|Any CPU.ActiveCfg = Release|Any CPU
		{504851E1-9A5F-4FE9-A8EA-399AF7B3A861}.Release|Any CPU.Build.0 = Release|Any CPU
		{504851E1-9A5F-4FE9-A8EA-399AF7B3A861}.Release|x64.ActiveCfg = Release|Any CPU
		{504851E1-9A5F-4FE9-A8EA-399AF7B3A861}.Release|x64.Build.0 = Release|Any CPU
		{504851E1-9A5F-4FE9-A8EA-399AF7B3A861}.Release|x86.ActiveCfg = Release|Any CPU
		{504851E1-9A5F-4FE9-A8EA-399AF7B3A861}.Release|x86.Build.0 = Release|Any CPU
	EndGlobalSection
EndGlobal
